// !$*UTF8*$!
{
	archiveVersion = 1;
	classes = {
	};
	objectVersion = 46;
	objects = {

/* Begin PBXBuildFile section */
		6615FB451F150A1C00F15840 /* DigitalClockView.h in Headers */ = {isa = PBXBuildFile; fileRef = 6615FB441F150A1C00F15840 /* DigitalClockView.h */; };
		6615FB471F150A1C00F15840 /* DigitalClockView.m in Sources */ = {isa = PBXBuildFile; fileRef = 6615FB461F150A1C00F15840 /* DigitalClockView.m */; };
		6615FB511F150B7E00F15840 /* DigitalDismay.otf in Resources */ = {isa = PBXBuildFile; fileRef = 6615FB4F1F150B7E00F15840 /* DigitalDismay.otf */; };
		6615FB521F150B7E00F15840 /* DS-Digital.ttf in Resources */ = {isa = PBXBuildFile; fileRef = 6615FB501F150B7E00F15840 /* DS-Digital.ttf */; };
		6615FB591F150BDE00F15840 /* Font.h in Headers */ = {isa = PBXBuildFile; fileRef = 6615FB531F150BDE00F15840 /* Font.h */; };
		6615FB5A1F150BDE00F15840 /* Font.m in Sources */ = {isa = PBXBuildFile; fileRef = 6615FB541F150BDE00F15840 /* Font.m */; };
		6615FB5B1F150BDE00F15840 /* SettingWindow.h in Headers */ = {isa = PBXBuildFile; fileRef = 6615FB551F150BDE00F15840 /* SettingWindow.h */; };
		6615FB5C1F150BDE00F15840 /* SettingWindow.m in Sources */ = {isa = PBXBuildFile; fileRef = 6615FB561F150BDE00F15840 /* SettingWindow.m */; };
		CF3C9D9130643243C0612A90 /* libPods-DigitalClock.a in Frameworks */ = {isa = PBXBuildFile; fileRef = 8E1EB5D0F5A7974ED4B195A4 /* libPods-DigitalClock.a */; };
/* End PBXBuildFile section */

/* Begin PBXFileReference section */
		28A795E4BEA077FA80861895 /* Pods-DigitalClock.release.xcconfig */ = {isa = PBXFileReference; includeInIndex = 1; lastKnownFileType = text.xcconfig; name = "Pods-DigitalClock.release.xcconfig"; path = "Pods/Target Support Files/Pods-DigitalClock/Pods-DigitalClock.release.xcconfig"; sourceTree = "<group>"; };
		6615FB411F150A1C00F15840 /* DigitalClock.saver */ = {isa = PBXFileReference; explicitFileType = wrapper.cfbundle; includeInIndex = 0; path = DigitalClock.saver; sourceTree = BUILT_PRODUCTS_DIR; };
		6615FB441F150A1C00F15840 /* DigitalClockView.h */ = {isa = PBXFileReference; lastKnownFileType = sourcecode.c.h; path = DigitalClockView.h; sourceTree = "<group>"; };
		6615FB461F150A1C00F15840 /* DigitalClockView.m */ = {isa = PBXFileReference; lastKnownFileType = sourcecode.c.objc; path = DigitalClockView.m; sourceTree = "<group>"; };
		6615FB481F150A1C00F15840 /* Info.plist */ = {isa = PBXFileReference; lastKnownFileType = text.plist.xml; path = Info.plist; sourceTree = "<group>"; };
		6615FB4F1F150B7E00F15840 /* DigitalDismay.otf */ = {isa = PBXFileReference; lastKnownFileType = file; path = DigitalDismay.otf; sourceTree = "<group>"; };
		6615FB501F150B7E00F15840 /* DS-Digital.ttf */ = {isa = PBXFileReference; lastKnownFileType = file; path = "DS-Digital.ttf"; sourceTree = "<group>"; };
		6615FB531F150BDE00F15840 /* Font.h */ = {isa = PBXFileReference; fileEncoding = 4; lastKnownFileType = sourcecode.c.h; path = Font.h; sourceTree = "<group>"; };
		6615FB541F150BDE00F15840 /* Font.m */ = {isa = PBXFileReference; fileEncoding = 4; lastKnownFileType = sourcecode.c.objc; path = Font.m; sourceTree = "<group>"; };
		6615FB551F150BDE00F15840 /* SettingWindow.h */ = {isa = PBXFileReference; fileEncoding = 4; lastKnownFileType = sourcecode.c.h; path = SettingWindow.h; sourceTree = "<group>"; };
		6615FB561F150BDE00F15840 /* SettingWindow.m */ = {isa = PBXFileReference; fileEncoding = 4; lastKnownFileType = sourcecode.c.objc; path = SettingWindow.m; sourceTree = "<group>"; };
		8E1EB5D0F5A7974ED4B195A4 /* libPods-DigitalClock.a */ = {isa = PBXFileReference; explicitFileType = archive.ar; includeInIndex = 0; path = "libPods-DigitalClock.a"; sourceTree = BUILT_PRODUCTS_DIR; };
		F110E62AE14F9423935B236C /* Pods-DigitalClock.debug.xcconfig */ = {isa = PBXFileReference; includeInIndex = 1; lastKnownFileType = text.xcconfig; name = "Pods-DigitalClock.debug.xcconfig"; path = "Pods/Target Support Files/Pods-DigitalClock/Pods-DigitalClock.debug.xcconfig"; sourceTree = "<group>"; };
/* End PBXFileReference section */

/* Begin PBXFrameworksBuildPhase section */
		6615FB3D1F150A1C00F15840 /* Frameworks */ = {
			isa = PBXFrameworksBuildPhase;
			buildActionMask = 2147483647;
			files = (
				CF3C9D9130643243C0612A90 /* libPods-DigitalClock.a in Frameworks */,
			);
			runOnlyForDeploymentPostprocessing = 0;
		};
/* End PBXFrameworksBuildPhase section */

/* Begin PBXGroup section */
		1C2C9D231EDC16BDC5C9366B /* Pods */ = {
			isa = PBXGroup;
			children = (
				F110E62AE14F9423935B236C /* Pods-DigitalClock.debug.xcconfig */,
				28A795E4BEA077FA80861895 /* Pods-DigitalClock.release.xcconfig */,
			);
			name = Pods;
			sourceTree = "<group>";
		};
		6615FB371F150A1C00F15840 = {
			isa = PBXGroup;
			children = (
				6615FB431F150A1C00F15840 /* DigitalClock */,
				6615FB421F150A1C00F15840 /* Products */,
				1C2C9D231EDC16BDC5C9366B /* Pods */,
				866F54B260A1CB01B1A47814 /* Frameworks */,
			);
			sourceTree = "<group>";
		};
		6615FB421F150A1C00F15840 /* Products */ = {
			isa = PBXGroup;
			children = (
				6615FB411F150A1C00F15840 /* DigitalClock.saver */,
			);
			name = Products;
			sourceTree = "<group>";
		};
		6615FB431F150A1C00F15840 /* DigitalClock */ = {
			isa = PBXGroup;
			children = (
				6615FB441F150A1C00F15840 /* DigitalClockView.h */,
				6615FB461F150A1C00F15840 /* DigitalClockView.m */,
				6615FB531F150BDE00F15840 /* Font.h */,
				6615FB541F150BDE00F15840 /* Font.m */,
				6615FB481F150A1C00F15840 /* Info.plist */,
				6615FB4E1F150A3900F15840 /* Resource */,
				6615FB551F150BDE00F15840 /* SettingWindow.h */,
				6615FB561F150BDE00F15840 /* SettingWindow.m */,
			);
			path = DigitalClock;
			sourceTree = "<group>";
		};
		6615FB4E1F150A3900F15840 /* Resource */ = {
			isa = PBXGroup;
			children = (
				6615FB4F1F150B7E00F15840 /* DigitalDismay.otf */,
				6615FB501F150B7E00F15840 /* DS-Digital.ttf */,
			);
			name = Resource;
			sourceTree = "<group>";
		};
		866F54B260A1CB01B1A47814 /* Frameworks */ = {
			isa = PBXGroup;
			children = (
				8E1EB5D0F5A7974ED4B195A4 /* libPods-DigitalClock.a */,
			);
			name = Frameworks;
			sourceTree = "<group>";
		};
/* End PBXGroup section */

/* Begin PBXHeadersBuildPhase section */
		6615FB3E1F150A1C00F15840 /* Headers */ = {
			isa = PBXHeadersBuildPhase;
			buildActionMask = 2147483647;
			files = (
				6615FB451F150A1C00F15840 /* DigitalClockView.h in Headers */,
				6615FB5B1F150BDE00F15840 /* SettingWindow.h in Headers */,
				6615FB591F150BDE00F15840 /* Font.h in Headers */,
			);
			runOnlyForDeploymentPostprocessing = 0;
		};
/* End PBXHeadersBuildPhase section */

/* Begin PBXNativeTarget section */
		6615FB401F150A1C00F15840 /* DigitalClock */ = {
			isa = PBXNativeTarget;
			buildConfigurationList = 6615FB4B1F150A1C00F15840 /* Build configuration list for PBXNativeTarget "DigitalClock" */;
			buildPhases = (
				C912259ED02EAA3580CD6B01 /* [CP] Check Pods Manifest.lock */,
				6615FB3C1F150A1C00F15840 /* Sources */,
				6615FB3D1F150A1C00F15840 /* Frameworks */,
				6615FB3E1F150A1C00F15840 /* Headers */,
				6615FB3F1F150A1C00F15840 /* Resources */,
				A581057DE9F48D38990BF087 /* [CP] Copy Pods Resources */,
			);
			buildRules = (
			);
			dependencies = (
			);
			name = DigitalClock;
			productName = DigitalClock;
			productReference = 6615FB411F150A1C00F15840 /* DigitalClock.saver */;
			productType = "com.apple.product-type.bundle";
		};
/* End PBXNativeTarget section */

/* Begin PBXProject section */
		6615FB381F150A1C00F15840 /* Project object */ = {
			isa = PBXProject;
			attributes = {
				LastUpgradeCheck = 0830;
				ORGANIZATIONNAME = wenyou;
				TargetAttributes = {
					6615FB401F150A1C00F15840 = {
						CreatedOnToolsVersion = 8.3.3;
						DevelopmentTeam = CY25956VB2;
						LastSwiftMigration = 0830;
						ProvisioningStyle = Automatic;
					};
				};
			};
			buildConfigurationList = 6615FB3B1F150A1C00F15840 /* Build configuration list for PBXProject "DigitalClock" */;
			compatibilityVersion = "Xcode 3.2";
			developmentRegion = English;
			hasScannedForEncodings = 0;
			knownRegions = (
				en,
			);
			mainGroup = 6615FB371F150A1C00F15840;
			productRefGroup = 6615FB421F150A1C00F15840 /* Products */;
			projectDirPath = "";
			projectRoot = "";
			targets = (
				6615FB401F150A1C00F15840 /* DigitalClock */,
			);
		};
/* End PBXProject section */

/* Begin PBXResourcesBuildPhase section */
		6615FB3F1F150A1C00F15840 /* Resources */ = {
			isa = PBXResourcesBuildPhase;
			buildActionMask = 2147483647;
			files = (
				6615FB521F150B7E00F15840 /* DS-Digital.ttf in Resources */,
				6615FB511F150B7E00F15840 /* DigitalDismay.otf in Resources */,
			);
			runOnlyForDeploymentPostprocessing = 0;
		};
/* End PBXResourcesBuildPhase section */

/* Begin PBXShellScriptBuildPhase section */
		A581057DE9F48D38990BF087 /* [CP] Copy Pods Resources */ = {
			isa = PBXShellScriptBuildPhase;
			buildActionMask = 2147483647;
			files = (
			);
			inputPaths = (
			);
			name = "[CP] Copy Pods Resources";
			outputPaths = (
			);
			runOnlyForDeploymentPostprocessing = 0;
			shellPath = /bin/sh;
			shellScript = "\"${SRCROOT}/Pods/Target Support Files/Pods-DigitalClock/Pods-DigitalClock-resources.sh\"\n";
			showEnvVarsInLog = 0;
		};
		C912259ED02EAA3580CD6B01 /* [CP] Check Pods Manifest.lock */ = {
			isa = PBXShellScriptBuildPhase;
			buildActionMask = 2147483647;
			files = (
			);
			inputPaths = (
			);
			name = "[CP] Check Pods Manifest.lock";
			outputPaths = (
			);
			runOnlyForDeploymentPostprocessing = 0;
			shellPath = /bin/sh;
			shellScript = "diff \"${PODS_PODFILE_DIR_PATH}/Podfile.lock\" \"${PODS_ROOT}/Manifest.lock\" > /dev/null\nif [ $? != 0 ] ; then\n    # print error to STDERR\n    echo \"error: The sandbox is not in sync with the Podfile.lock. Run 'pod install' or update your CocoaPods installation.\" >&2\n    exit 1\nfi\n";
			showEnvVarsInLog = 0;
		};
/* End PBXShellScriptBuildPhase section */

/* Begin PBXSourcesBuildPhase section */
		6615FB3C1F150A1C00F15840 /* Sources */ = {
			isa = PBXSourcesBuildPhase;
			buildActionMask = 2147483647;
			files = (
				6615FB5A1F150BDE00F15840 /* Font.m in Sources */,
				6615FB5C1F150BDE00F15840 /* SettingWindow.m in Sources */,
				6615FB471F150A1C00F15840 /* DigitalClockView.m in Sources */,
			);
			runOnlyForDeploymentPostprocessing = 0;
		};
/* End PBXSourcesBuildPhase section */

/* Begin XCBuildConfiguration section */
		6615FB491F150A1C00F15840 /* Debug */ = {
			isa = XCBuildConfiguration;
			buildSettings = {
				ALWAYS_SEARCH_USER_PATHS = NO;
				CLANG_ANALYZER_NONNULL = YES;
				CLANG_ANALYZER_NUMBER_OBJECT_CONVERSION = YES_AGGRESSIVE;
				CLANG_CXX_LANGUAGE_STANDARD = "gnu++0x";
				CLANG_CXX_LIBRARY = "libc++";
				CLANG_ENABLE_MODULES = YES;
				CLANG_ENABLE_OBJC_ARC = YES;
				CLANG_WARN_BOOL_CONVERSION = YES;
				CLANG_WARN_CONSTANT_CONVERSION = YES;
				CLANG_WARN_DIRECT_OBJC_ISA_USAGE = YES_ERROR;
				CLANG_WARN_DOCUMENTATION_COMMENTS = YES;
				CLANG_WARN_EMPTY_BODY = YES;
				CLANG_WARN_ENUM_CONVERSION = YES;
				CLANG_WARN_INFINITE_RECURSION = YES;
				CLANG_WARN_INT_CONVERSION = YES;
				CLANG_WARN_OBJC_ROOT_CLASS = YES_ERROR;
				CLANG_WARN_SUSPICIOUS_MOVE = YES;
				CLANG_WARN_UNREACHABLE_CODE = YES;
				CLANG_WARN__DUPLICATE_METHOD_MATCH = YES;
				CODE_SIGN_IDENTITY = "-";
				COPY_PHASE_STRIP = NO;
				DEBUG_INFORMATION_FORMAT = dwarf;
				ENABLE_STRICT_OBJC_MSGSEND = YES;
				ENABLE_TESTABILITY = YES;
				GCC_C_LANGUAGE_STANDARD = gnu99;
				GCC_DYNAMIC_NO_PIC = NO;
				GCC_NO_COMMON_BLOCKS = YES;
				GCC_OPTIMIZATION_LEVEL = 0;
				GCC_PREPROCESSOR_DEFINITIONS = (
					"DEBUG=1",
					"$(inherited)",
				);
				GCC_WARN_64_TO_32_BIT_CONVERSION = YES;
				GCC_WARN_ABOUT_RETURN_TYPE = YES_ERROR;
				GCC_WARN_UNDECLARED_SELECTOR = YES;
				GCC_WARN_UNINITIALIZED_AUTOS = YES_AGGRESSIVE;
				GCC_WARN_UNUSED_FUNCTION = YES;
				GCC_WARN_UNUSED_VARIABLE = YES;
				MACOSX_DEPLOYMENT_TARGET = 10.12;
				MTL_ENABLE_DEBUG_INFO = YES;
				ONLY_ACTIVE_ARCH = YES;
				SDKROOT = macosx;
			};
			name = Debug;
		};
		6615FB4A1F150A1C00F15840 /* Release */ = {
			isa = XCBuildConfiguration;
			buildSettings = {
				ALWAYS_SEARCH_USER_PATHS = NO;
				CLANG_ANALYZER_NONNULL = YES;
				CLANG_ANALYZER_NUMBER_OBJECT_CONVERSION = YES_AGGRESSIVE;
				CLANG_CXX_LANGUAGE_STANDARD = "gnu++0x";
				CLANG_CXX_LIBRARY = "libc++";
				CLANG_ENABLE_MODULES = YES;
				CLANG_ENABLE_OBJC_ARC = YES;
				CLANG_WARN_BOOL_CONVERSION = YES;
				CLANG_WARN_CONSTANT_CONVERSION = YES;
				CLANG_WARN_DIRECT_OBJC_ISA_USAGE = YES_ERROR;
				CLANG_WARN_DOCUMENTATION_COMMENTS = YES;
				CLANG_WARN_EMPTY_BODY = YES;
				CLANG_WARN_ENUM_CONVERSION = YES;
				CLANG_WARN_INFINITE_RECURSION = YES;
				CLANG_WARN_INT_CONVERSION = YES;
				CLANG_WARN_OBJC_ROOT_CLASS = YES_ERROR;
				CLANG_WARN_SUSPICIOUS_MOVE = YES;
				CLANG_WARN_UNREACHABLE_CODE = YES;
				CLANG_WARN__DUPLICATE_METHOD_MATCH = YES;
				CODE_SIGN_IDENTITY = "-";
				COPY_PHASE_STRIP = NO;
				DEBUG_INFORMATION_FORMAT = "dwarf-with-dsym";
				ENABLE_NS_ASSERTIONS = NO;
				ENABLE_STRICT_OBJC_MSGSEND = YES;
				GCC_C_LANGUAGE_STANDARD = gnu99;
				GCC_NO_COMMON_BLOCKS = YES;
				GCC_WARN_64_TO_32_BIT_CONVERSION = YES;
				GCC_WARN_ABOUT_RETURN_TYPE = YES_ERROR;
				GCC_WARN_UNDECLARED_SELECTOR = YES;
				GCC_WARN_UNINITIALIZED_AUTOS = YES_AGGRESSIVE;
				GCC_WARN_UNUSED_FUNCTION = YES;
				GCC_WARN_UNUSED_VARIABLE = YES;
				MACOSX_DEPLOYMENT_TARGET = 10.12;
				MTL_ENABLE_DEBUG_INFO = NO;
				SDKROOT = macosx;
			};
			name = Release;
		};
		6615FB4C1F150A1C00F15840 /* Debug */ = {
			isa = XCBuildConfiguration;
			baseConfigurationReference = F110E62AE14F9423935B236C /* Pods-DigitalClock.debug.xcconfig */;
			buildSettings = {
				CLANG_ENABLE_MODULES = YES;
				COMBINE_HIDPI_IMAGES = YES;
				DEVELOPMENT_TEAM = CY25956VB2;
				INFOPLIST_FILE = DigitalClock/Info.plist;
				INSTALL_PATH = "$(HOME)/Library/Screen Savers";
				LD_RUNPATH_SEARCH_PATHS = "$(inherited) @executable_path/../Frameworks @loader_path/../Frameworks";
				PRODUCT_BUNDLE_IDENTIFIER = win.sourcecode.DigitalClock;
				PRODUCT_NAME = "$(TARGET_NAME)";
				SWIFT_OPTIMIZATION_LEVEL = "-Onone";
				SWIFT_VERSION = 3.0;
				WRAPPER_EXTENSION = saver;
			};
			name = Debug;
		};
		6615FB4D1F150A1C00F15840 /* Release */ = {
			isa = XCBuildConfiguration;
			baseConfigurationReference = 28A795E4BEA077FA80861895 /* Pods-DigitalClock.release.xcconfig */;
			buildSettings = {
				CLANG_ENABLE_MODULES = YES;
				COMBINE_HIDPI_IMAGES = YES;
				DEVELOPMENT_TEAM = CY25956VB2;
				INFOPLIST_FILE = DigitalClock/Info.plist;
				INSTALL_PATH = "$(HOME)/Library/Screen Savers";
				LD_RUNPATH_SEARCH_PATHS = "$(inherited) @executable_path/../Frameworks @loader_path/../Frameworks";
				PRODUCT_BUNDLE_IDENTIFIER = win.sourcecode.DigitalClock;
				PRODUCT_NAME = "$(TARGET_NAME)";
				SWIFT_VERSION = 3.0;
				WRAPPER_EXTENSION = saver;
			};
			name = Release;
		};
/* End XCBuildConfiguration section */

/* Begin XCConfigurationList section */
		6615FB3B1F150A1C00F15840 /* Build configuration list for PBXProject "DigitalClock" */ = {
			isa = XCConfigurationList;
			buildConfigurations = (
				6615FB491F150A1C00F15840 /* Debug */,
				6615FB4A1F150A1C00F15840 /* Release */,
			);
			defaultConfigurationIsVisible = 0;
			defaultConfigurationName = Release;
		};
		6615FB4B1F150A1C00F15840 /* Build configuration list for PBXNativeTarget "DigitalClock" */ = {
			isa = XCConfigurationList;
			buildConfigurations = (
				6615FB4C1F150A1C00F15840 /* Debug */,
				6615FB4D1F150A1C00F15840 /* Release */,
			);
			defaultConfigurationIsVisible = 0;
			defaultConfigurationName = Release;
		};
/* End XCConfigurationList section */
	};
	rootObject = 6615FB381F150A1C00F15840 /* Project object */;
}
